# This file is autogenerated, do not edit; changes may be undone by the next 'dep ensure'.


[[projects]]
  branch = "pkcs12"
  digest = "1:3692827bd4241c03e3dd9d2345efe877815f4b295fd0d829b7710dbe734cbadb"
  name = "github.com/bitrise-io/go-utils"
  packages = [
    "builtinutil",
    "colorstring",
    "command",
    "command/rubycommand",
    "command/rubyscript",
    "errorutil",
    "fileutil",
    "log",
    "pathutil",
    "pkcs12",
    "pkcs12/internal/rc2",
    "testutil",
    "ziputil",
  ]
  pruneopts = "UT"
  revision = "1f937721c37ed21e15d1ec761a9020e662c35f87"

[[projects]]
  digest = "1:ffe9824d294da03b391f44e1ae8281281b4afc1bdaa9588c9097785e3af10cec"
  name = "github.com/davecgh/go-spew"
  packages = ["spew"]
  pruneopts = "UT"
  revision = "8991bc29aa16c548c550c7ff78260e27b9ab7c73"
  version = "v1.1.1"

[[projects]]
  branch = "master"
  digest = "1:095c5b12709e45a61ff2820c2bf81c7de7a030629cb728fc7a2abec35b5cbadb"
  name = "github.com/fullsailor/pkcs7"
  packages = ["."]
  pruneopts = "UT"
  revision = "8306686428a5fe132eac8cb7c4848af725098bd4"

[[projects]]
  branch = "master"
  digest = "1:950caca7dfcf796419232ba996c9c3539d09f26af27ba848c4508e604c13efbb"
  name = "github.com/hashicorp/go-version"
  packages = ["."]
  pruneopts = "UT"
  revision = "d40cf49b3a77bba84a7afdbd7f1dc295d114efb1"

[[projects]]
  branch = "master"
  digest = "1:9729648bfd610b93e5636062a4925798e76399b121c0f9403d2b2ad4112545eb"
  name = "github.com/pkg/errors"
  packages = ["."]
  pruneopts = "UT"
  revision = "ffb6e22f01932bf7ac35e0bad9be11f01d1c8685"

[[projects]]
  digest = "1:0028cb19b2e4c3112225cd871870f2d9cf49b9b4276531f03438a88e94be86fe"
  name = "github.com/pmezard/go-difflib"
  packages = ["difflib"]
  pruneopts = "UT"
  revision = "792786c7400a136282c1664665ae0a8db921c6c2"
  version = "v1.0.0"

[[projects]]
  branch = "master"
  digest = "1:6baa565fe16f8657cf93469b2b8a6c61a277827734400d27e44d589547297279"
  name = "github.com/ryanuber/go-glob"
  packages = ["."]
  pruneopts = "UT"
  revision = "51a8f68e6c24dc43f1e371749c89a267de4ebc53"

[[projects]]
  branch = "master"
  digest = "1:eeb0a54ba70c22815143c2c3f104cb4f9ebe2060ba49780bd4895a0179b7aee9"
  name = "github.com/stretchr/testify"
  packages = [
    "assert",
    "require",
  ]
  pruneopts = "UT"
  revision = "363ebb24d041ccea8068222281c2e963e997b9dc"

[[projects]]
  branch = "master"
  digest = "1:c10265d5a71326618d37e97169eddb3582f78e8ac7dcf87403b4cf619efd519a"
  name = "howett.net/plist"
  packages = ["."]
  pruneopts = "UT"
  revision = "591f970eefbbeb04d7b37f334a0c4c3256e32876"

[solve-meta]
  analyzer-name = "dep"
  analyzer-version = 1
  input-imports = [
    "github.com/bitrise-io/go-utils/command",
    "github.com/bitrise-io/go-utils/command/rubycommand",
    "github.com/bitrise-io/go-utils/command/rubyscript",
    "github.com/bitrise-io/go-utils/errorutil",
    "github.com/bitrise-io/go-utils/fileutil",
    "github.com/bitrise-io/go-utils/log",
    "github.com/bitrise-io/go-utils/pathutil",
    "github.com/bitrise-io/go-utils/pkcs12",
    "github.com/bitrise-io/go-utils/testutil",
    "github.com/bitrise-io/go-utils/ziputil",
    "github.com/fullsailor/pkcs7",
    "github.com/hashicorp/go-version",
    "github.com/pkg/errors",
    "github.com/ryanuber/go-glob",
    "github.com/stretchr/testify/require",
    "howett.net/plist",
  ]
  solver-name = "gps-cdcl"
  solver-version = 1
